
Microsoft Visual Studio Solution File, Format Version 12.00
# Visual Studio Version 16
VisualStudioVersion = 16.0.30128.74
MinimumVisualStudioVersion = 10.0.40219.1
Project("{FAE04EC0-301F-11D3-BF4B-00C04F79EFBC}") = "WebApiUsuarios", "WebApiUsuarios\WebApiUsuarios.csproj", "{DD69260C-5B3B-42D5-97E1-D7CAC1811CB6}"
EndProject
Global
	GlobalSection(SolutionConfigurationPlatforms) = preSolution
		Debug|Any CPU = Debug|Any CPU
		Release|Any CPU = Release|Any CPU
	EndGlobalSection
	GlobalSection(ProjectConfigurationPlatforms) = postSolution
		{DD69260C-5B3B-42D5-97E1-D7CAC1811CB6}.Debug|Any CPU.ActiveCfg = Debug|Any CPU
		{DD69260C-5B3B-42D5-97E1-D7CAC1811CB6}.Debug|Any CPU.Build.0 = Debug|Any CPU
		{DD69260C-5B3B-42D5-97E1-D7CAC1811CB6}.Release|Any CPU.ActiveCfg = Release|Any CPU
		{DD69260C-5B3B-42D5-97E1-D7CAC1811CB6}.Release|Any CPU.Build.0 = Release|Any CPU
	EndGlobalSection
	GlobalSection(SolutionProperties) = preSolution
		HideSolutionNode = FALSE
	EndGlobalSection
	GlobalSection(ExtensibilityGlobals) = postSolution
		SolutionGuid = {AA480E54-04DB-453B-B2AC-E0F65A8A0456}
	EndGlobalSection
EndGlobal
